
Microsoft Visual Studio Solution File, Format Version 12.00
# Visual Studio 15
VisualStudioVersion = 15.0.28307.421
MinimumVisualStudioVersion = 10.0.40219.1
Project("{FAE04EC0-301F-11D3-BF4B-00C04F79EFBC}") = "Ch02_01", "Ch02\Ch02_01.csproj", "{26AA0984-08AF-484F-AFED-B1D6EF42C7E5}"
EndProject
Project("{FAE04EC0-301F-11D3-BF4B-00C04F79EFBC}") = "Ch02_02", "Ch02_02\Ch02_02.csproj", "{381F592F-EA4C-4BD5-9994-EA74AA8AC30C}"
EndProject
Project("{FAE04EC0-301F-11D3-BF4B-00C04F79EFBC}") = "Ch02_03", "Ch02_03\Ch02_03.csproj", "{B28604B7-F3E4-46DE-AF45-01D55938AF08}"
EndProject
Project("{FAE04EC0-301F-11D3-BF4B-00C04F79EFBC}") = "Ch02_04", "Ch02_04\Ch02_04.csproj", "{86221AA3-52DE-49C8-8571-D530B5CC04DF}"
EndProject
Project("{FAE04EC0-301F-11D3-BF4B-00C04F79EFBC}") = "Ch02_05", "Ch02_05\Ch02_05.csproj", "{31BE1658-508D-47E1-8A4D-094828DB4104}"
EndProject
Project("{FAE04EC0-301F-11D3-BF4B-00C04F79EFBC}") = "Ch02_06", "Ch02_06\Ch02_06.csproj", "{23A05061-C9BA-4540-BADF-C5BA6640D8D2}"
EndProject
Project("{FAE04EC0-301F-11D3-BF4B-00C04F79EFBC}") = "Ch02_07", "Ch02_07\Ch02_07.csproj", "{05AE5AED-EC5D-42EB-9204-F5A69F6DC57E}"
EndProject
Project("{FAE04EC0-301F-11D3-BF4B-00C04F79EFBC}") = "Ch02_08", "Ch02_08\Ch02_08.csproj", "{B32983E5-1269-4AE2-8484-773130CD862A}"
EndProject
Project("{FAE04EC0-301F-11D3-BF4B-00C04F79EFBC}") = "Ch03_01", "Ch03_01\Ch03_01.csproj", "{F9CD460A-3977-40ED-88A4-9EBA3E0CB4BF}"
EndProject
Project("{FAE04EC0-301F-11D3-BF4B-00C04F79EFBC}") = "Ch03_02", "Ch03_02\Ch03_02.csproj", "{FDA5B03B-BA36-407D-85CF-C7D6A85A4705}"
EndProject
Project("{FAE04EC0-301F-11D3-BF4B-00C04F79EFBC}") = "Ch03_03", "Ch03_03\Ch03_03.csproj", "{F6B57B68-106E-4914-93DB-DEB9ABC9D944}"
EndProject
Project("{FAE04EC0-301F-11D3-BF4B-00C04F79EFBC}") = "Ch03_04", "Ch03_04\Ch03_04.csproj", "{7D66C2CB-AFF9-47A1-A1E6-B95460C379C6}"
EndProject
Project("{FAE04EC0-301F-11D3-BF4B-00C04F79EFBC}") = "Ch03_05", "Ch03_05\Ch03_05.csproj", "{76848F3B-8DA9-46CC-B223-57B079C2DF1D}"
EndProject
Project("{FAE04EC0-301F-11D3-BF4B-00C04F79EFBC}") = "Ch03_06", "Ch03_06\Ch03_06.csproj", "{8CF7F357-98B1-4675-8474-42F9C770A34D}"
EndProject
Project("{FAE04EC0-301F-11D3-BF4B-00C04F79EFBC}") = "Ch04_01", "Ch04_01\Ch04_01.csproj", "{2775A61C-03F3-48ED-83A6-2756EF59727B}"
EndProject
Project("{FAE04EC0-301F-11D3-BF4B-00C04F79EFBC}") = "Ch04_02", "Ch04_02\Ch04_02.csproj", "{620A5605-2349-4B35-BBE2-169E8E711EBE}"
EndProject
Global
	GlobalSection(SolutionConfigurationPlatforms) = preSolution
		Debug|Any CPU = Debug|Any CPU
		Release|Any CPU = Release|Any CPU
	EndGlobalSection
	GlobalSection(ProjectConfigurationPlatforms) = postSolution
		{26AA0984-08AF-484F-AFED-B1D6EF42C7E5}.Debug|Any CPU.ActiveCfg = Debug|Any CPU
		{26AA0984-08AF-484F-AFED-B1D6EF42C7E5}.Debug|Any CPU.Build.0 = Debug|Any CPU
		{26AA0984-08AF-484F-AFED-B1D6EF42C7E5}.Release|Any CPU.ActiveCfg = Release|Any CPU
		{26AA0984-08AF-484F-AFED-B1D6EF42C7E5}.Release|Any CPU.Build.0 = Release|Any CPU
		{381F592F-EA4C-4BD5-9994-EA74AA8AC30C}.Debug|Any CPU.ActiveCfg = Debug|Any CPU
		{381F592F-EA4C-4BD5-9994-EA74AA8AC30C}.Debug|Any CPU.Build.0 = Debug|Any CPU
		{381F592F-EA4C-4BD5-9994-EA74AA8AC30C}.Release|Any CPU.ActiveCfg = Release|Any CPU
		{381F592F-EA4C-4BD5-9994-EA74AA8AC30C}.Release|Any CPU.Build.0 = Release|Any CPU
		{B28604B7-F3E4-46DE-AF45-01D55938AF08}.Debug|Any CPU.ActiveCfg = Debug|Any CPU
		{B28604B7-F3E4-46DE-AF45-01D55938AF08}.Debug|Any CPU.Build.0 = Debug|Any CPU
		{B28604B7-F3E4-46DE-AF45-01D55938AF08}.Release|Any CPU.ActiveCfg = Release|Any CPU
		{B28604B7-F3E4-46DE-AF45-01D55938AF08}.Release|Any CPU.Build.0 = Release|Any CPU
		{86221AA3-52DE-49C8-8571-D530B5CC04DF}.Debug|Any CPU.ActiveCfg = Debug|Any CPU
		{86221AA3-52DE-49C8-8571-D530B5CC04DF}.Debug|Any CPU.Build.0 = Debug|Any CPU
		{86221AA3-52DE-49C8-8571-D530B5CC04DF}.Release|Any CPU.ActiveCfg = Release|Any CPU
		{86221AA3-52DE-49C8-8571-D530B5CC04DF}.Release|Any CPU.Build.0 = Release|Any CPU
		{31BE1658-508D-47E1-8A4D-094828DB4104}.Debug|Any CPU.ActiveCfg = Debug|Any CPU
		{31BE1658-508D-47E1-8A4D-094828DB4104}.Debug|Any CPU.Build.0 = Debug|Any CPU
		{31BE1658-508D-47E1-8A4D-094828DB4104}.Release|Any CPU.ActiveCfg = Release|Any CPU
		{31BE1658-508D-47E1-8A4D-094828DB4104}.Release|Any CPU.Build.0 = Release|Any CPU
		{23A05061-C9BA-4540-BADF-C5BA6640D8D2}.Debug|Any CPU.ActiveCfg = Debug|Any CPU
		{23A05061-C9BA-4540-BADF-C5BA6640D8D2}.Debug|Any CPU.Build.0 = Debug|Any CPU
		{23A05061-C9BA-4540-BADF-C5BA6640D8D2}.Release|Any CPU.ActiveCfg = Release|Any CPU
		{23A05061-C9BA-4540-BADF-C5BA6640D8D2}.Release|Any CPU.Build.0 = Release|Any CPU
		{05AE5AED-EC5D-42EB-9204-F5A69F6DC57E}.Debug|Any CPU.ActiveCfg = Debug|Any CPU
		{05AE5AED-EC5D-42EB-9204-F5A69F6DC57E}.Debug|Any CPU.Build.0 = Debug|Any CPU
		{05AE5AED-EC5D-42EB-9204-F5A69F6DC57E}.Release|Any CPU.ActiveCfg = Release|Any CPU
		{05AE5AED-EC5D-42EB-9204-F5A69F6DC57E}.Release|Any CPU.Build.0 = Release|Any CPU
		{B32983E5-1269-4AE2-8484-773130CD862A}.Debug|Any CPU.ActiveCfg = Debug|Any CPU
		{B32983E5-1269-4AE2-8484-773130CD862A}.Debug|Any CPU.Build.0 = Debug|Any CPU
		{B32983E5-1269-4AE2-8484-773130CD862A}.Release|Any CPU.ActiveCfg = Release|Any CPU
		{B32983E5-1269-4AE2-8484-773130CD862A}.Release|Any CPU.Build.0 = Release|Any CPU
		{F9CD460A-3977-40ED-88A4-9EBA3E0CB4BF}.Debug|Any CPU.ActiveCfg = Debug|Any CPU
		{F9CD460A-3977-40ED-88A4-9EBA3E0CB4BF}.Debug|Any CPU.Build.0 = Debug|Any CPU
		{F9CD460A-3977-40ED-88A4-9EBA3E0CB4BF}.Release|Any CPU.ActiveCfg = Release|Any CPU
		{F9CD460A-3977-40ED-88A4-9EBA3E0CB4BF}.Release|Any CPU.Build.0 = Release|Any CPU
		{FDA5B03B-BA36-407D-85CF-C7D6A85A4705}.Debug|Any CPU.ActiveCfg = Debug|Any CPU
		{FDA5B03B-BA36-407D-85CF-C7D6A85A4705}.Debug|Any CPU.Build.0 = Debug|Any CPU
		{FDA5B03B-BA36-407D-85CF-C7D6A85A4705}.Release|Any CPU.ActiveCfg = Release|Any CPU
		{FDA5B03B-BA36-407D-85CF-C7D6A85A4705}.Release|Any CPU.Build.0 = Release|Any CPU
		{F6B57B68-106E-4914-93DB-DEB9ABC9D944}.Debug|Any CPU.ActiveCfg = Debug|Any CPU
		{F6B57B68-106E-4914-93DB-DEB9ABC9D944}.Debug|Any CPU.Build.0 = Debug|Any CPU
		{F6B57B68-106E-4914-93DB-DEB9ABC9D944}.Release|Any CPU.ActiveCfg = Release|Any CPU
		{F6B57B68-106E-4914-93DB-DEB9ABC9D944}.Release|Any CPU.Build.0 = Release|Any CPU
		{7D66C2CB-AFF9-47A1-A1E6-B95460C379C6}.Debug|Any CPU.ActiveCfg = Debug|Any CPU
		{7D66C2CB-AFF9-47A1-A1E6-B95460C379C6}.Debug|Any CPU.Build.0 = Debug|Any CPU
		{7D66C2CB-AFF9-47A1-A1E6-B95460C379C6}.Release|Any CPU.ActiveCfg = Release|Any CPU
		{7D66C2CB-AFF9-47A1-A1E6-B95460C379C6}.Release|Any CPU.Build.0 = Release|Any CPU
		{76848F3B-8DA9-46CC-B223-57B079C2DF1D}.Debug|Any CPU.ActiveCfg = Debug|Any CPU
		{76848F3B-8DA9-46CC-B223-57B079C2DF1D}.Debug|Any CPU.Build.0 = Debug|Any CPU
		{76848F3B-8DA9-46CC-B223-57B079C2DF1D}.Release|Any CPU.ActiveCfg = Release|Any CPU
		{76848F3B-8DA9-46CC-B223-57B079C2DF1D}.Release|Any CPU.Build.0 = Release|Any CPU
		{8CF7F357-98B1-4675-8474-42F9C770A34D}.Debug|Any CPU.ActiveCfg = Debug|Any CPU
		{8CF7F357-98B1-4675-8474-42F9C770A34D}.Debug|Any CPU.Build.0 = Debug|Any CPU
		{8CF7F357-98B1-4675-8474-42F9C770A34D}.Release|Any CPU.ActiveCfg = Release|Any CPU
		{8CF7F357-98B1-4675-8474-42F9C770A34D}.Release|Any CPU.Build.0 = Release|Any CPU
		{2775A61C-03F3-48ED-83A6-2756EF59727B}.Debug|Any CPU.ActiveCfg = Debug|Any CPU
		{2775A61C-03F3-48ED-83A6-2756EF59727B}.Debug|Any CPU.Build.0 = Debug|Any CPU
		{2775A61C-03F3-48ED-83A6-2756EF59727B}.Release|Any CPU.ActiveCfg = Release|Any CPU
		{2775A61C-03F3-48ED-83A6-2756EF59727B}.Release|Any CPU.Build.0 = Release|Any CPU
		{620A5605-2349-4B35-BBE2-169E8E711EBE}.Debug|Any CPU.ActiveCfg = Debug|Any CPU
		{620A5605-2349-4B35-BBE2-169E8E711EBE}.Debug|Any CPU.Build.0 = Debug|Any CPU
		{620A5605-2349-4B35-BBE2-169E8E711EBE}.Release|Any CPU.ActiveCfg = Release|Any CPU
		{620A5605-2349-4B35-BBE2-169E8E711EBE}.Release|Any CPU.Build.0 = Release|Any CPU
	EndGlobalSection
	GlobalSection(SolutionProperties) = preSolution
		HideSolutionNode = FALSE
	EndGlobalSection
	GlobalSection(ExtensibilityGlobals) = postSolution
		SolutionGuid = {EB9E70AF-41C9-4FFC-821C-8853DEE8FC6E}
	EndGlobalSection
EndGlobal
